
Microsoft Visual Studio Solution File, Format Version 12.00
# Visual Studio Version 17
VisualStudioVersion = 17.4.33205.214
MinimumVisualStudioVersion = 10.0.40219.1
Project("{FAE04EC0-301F-11D3-BF4B-00C04F79EFBC}") = "TextRPG", "TextRPG.csproj", "{1A8571AF-C3C9-4F3F-9B4A-4DC0FE077B7C}"
EndProject
Global
	GlobalSection(SolutionConfigurationPlatforms) = preSolution
		Debug|Any CPU = Debug|Any CPU
		Release|Any CPU = Release|Any CPU
	EndGlobalSection
	GlobalSection(ProjectConfigurationPlatforms) = postSolution
		{1A8571AF-C3C9-4F3F-9B4A-4DC0FE077B7C}.Debug|Any CPU.ActiveCfg = Debug|Any CPU
		{1A8571AF-C3C9-4F3F-9B4A-4DC0FE077B7C}.Debug|Any CPU.Build.0 = Debug|Any CPU
		{1A8571AF-C3C9-4F3F-9B4A-4DC0FE077B7C}.Release|Any CPU.ActiveCfg = Release|Any CPU
		{1A8571AF-C3C9-4F3F-9B4A-4DC0FE077B7C}.Release|Any CPU.Build.0 = Release|Any CPU
	EndGlobalSection
	GlobalSection(SolutionProperties) = preSolution
		HideSolutionNode = FALSE
	EndGlobalSection
	GlobalSection(ExtensibilityGlobals) = postSolution
		SolutionGuid = {E5E89BAB-3A2C-4117-A0BB-E2A77F97277C}
	EndGlobalSection
EndGlobal
